
Microsoft Visual Studio Solution File, Format Version 12.00
# Visual Studio 2013
VisualStudioVersion = 12.0.31101.0
MinimumVisualStudioVersion = 10.0.40219.1
Project("{FAE04EC0-301F-11D3-BF4B-00C04F79EFBC}") = "NeuralStocks.Backend", "NeuralStocks.Backend\NeuralStocks.Backend.csproj", "{4FF2EECD-E119-4297-873D-D2952016148A}"
EndProject
Project("{FAE04EC0-301F-11D3-BF4B-00C04F79EFBC}") = "NeuralStocks.Backend.Tests", "NeuralStocks.Backend.Tests\NeuralStocks.Backend.Tests.csproj", "{77ACCBBF-E342-4289-9191-1BDD0CDE2B3F}"
EndProject
Project("{FAE04EC0-301F-11D3-BF4B-00C04F79EFBC}") = "NeuralStocks.Frontend", "NeuralStocks.Frontend\NeuralStocks.Frontend.csproj", "{ED766530-D23C-40F7-ABD1-F91CD3EC3561}"
EndProject
Project("{FAE04EC0-301F-11D3-BF4B-00C04F79EFBC}") = "NeuralStocks.Frontend.Tests", "NeuralStocks.Frontend.Tests\NeuralStocks.Frontend.Tests.csproj", "{1E3DBB8C-87F7-4EED-9833-7F579D207969}"
EndProject
Project("{FAE04EC0-301F-11D3-BF4B-00C04F79EFBC}") = "NeuralStocks.DatabaseLayer", "NeuralStocks.DatabaseLayer\NeuralStocks.DatabaseLayer.csproj", "{8EE18FF9-194A-4670-874F-1CD12036DDDF}"
EndProject
Project("{FAE04EC0-301F-11D3-BF4B-00C04F79EFBC}") = "NeuralStocks.Database.Tests", "NeuralStocks.Database.Tests\NeuralStocks.Database.Tests.csproj", "{CC5B7184-2C74-41EA-9775-26D859C06F8A}"
EndProject
Global
	GlobalSection(SolutionConfigurationPlatforms) = preSolution
		Debug|Any CPU = Debug|Any CPU
		Release|Any CPU = Release|Any CPU
	EndGlobalSection
	GlobalSection(ProjectConfigurationPlatforms) = postSolution
		{4FF2EECD-E119-4297-873D-D2952016148A}.Debug|Any CPU.ActiveCfg = Debug|Any CPU
		{4FF2EECD-E119-4297-873D-D2952016148A}.Debug|Any CPU.Build.0 = Debug|Any CPU
		{4FF2EECD-E119-4297-873D-D2952016148A}.Release|Any CPU.ActiveCfg = Release|Any CPU
		{4FF2EECD-E119-4297-873D-D2952016148A}.Release|Any CPU.Build.0 = Release|Any CPU
		{77ACCBBF-E342-4289-9191-1BDD0CDE2B3F}.Debug|Any CPU.ActiveCfg = Debug|Any CPU
		{77ACCBBF-E342-4289-9191-1BDD0CDE2B3F}.Debug|Any CPU.Build.0 = Debug|Any CPU
		{77ACCBBF-E342-4289-9191-1BDD0CDE2B3F}.Release|Any CPU.ActiveCfg = Release|Any CPU
		{77ACCBBF-E342-4289-9191-1BDD0CDE2B3F}.Release|Any CPU.Build.0 = Release|Any CPU
		{ED766530-D23C-40F7-ABD1-F91CD3EC3561}.Debug|Any CPU.ActiveCfg = Debug|Any CPU
		{ED766530-D23C-40F7-ABD1-F91CD3EC3561}.Debug|Any CPU.Build.0 = Debug|Any CPU
		{ED766530-D23C-40F7-ABD1-F91CD3EC3561}.Release|Any CPU.ActiveCfg = Release|Any CPU
		{ED766530-D23C-40F7-ABD1-F91CD3EC3561}.Release|Any CPU.Build.0 = Release|Any CPU
		{1E3DBB8C-87F7-4EED-9833-7F579D207969}.Debug|Any CPU.ActiveCfg = Debug|Any CPU
		{1E3DBB8C-87F7-4EED-9833-7F579D207969}.Debug|Any CPU.Build.0 = Debug|Any CPU
		{1E3DBB8C-87F7-4EED-9833-7F579D207969}.Release|Any CPU.ActiveCfg = Release|Any CPU
		{1E3DBB8C-87F7-4EED-9833-7F579D207969}.Release|Any CPU.Build.0 = Release|Any CPU
		{8EE18FF9-194A-4670-874F-1CD12036DDDF}.Debug|Any CPU.ActiveCfg = Debug|Any CPU
		{8EE18FF9-194A-4670-874F-1CD12036DDDF}.Debug|Any CPU.Build.0 = Debug|Any CPU
		{8EE18FF9-194A-4670-874F-1CD12036DDDF}.Release|Any CPU.ActiveCfg = Release|Any CPU
		{8EE18FF9-194A-4670-874F-1CD12036DDDF}.Release|Any CPU.Build.0 = Release|Any CPU
		{CC5B7184-2C74-41EA-9775-26D859C06F8A}.Debug|Any CPU.ActiveCfg = Debug|Any CPU
		{CC5B7184-2C74-41EA-9775-26D859C06F8A}.Debug|Any CPU.Build.0 = Debug|Any CPU
		{CC5B7184-2C74-41EA-9775-26D859C06F8A}.Release|Any CPU.ActiveCfg = Release|Any CPU
		{CC5B7184-2C74-41EA-9775-26D859C06F8A}.Release|Any CPU.Build.0 = Release|Any CPU
	EndGlobalSection
	GlobalSection(SolutionProperties) = preSolution
		HideSolutionNode = FALSE
	EndGlobalSection
EndGlobal
